
Microsoft Visual Studio Solution File, Format Version 12.00
# Visual Studio Version 16
VisualStudioVersion = 16.0.31515.178
MinimumVisualStudioVersion = 10.0.40219.1
Project("{2150E333-8FDC-42A3-9474-1A3956D46DE8}") = "SRS", "SRS", "{83A63BA5-DBB4-4CD2-B0F0-894BC37629F8}"
EndProject
Project("{2150E333-8FDC-42A3-9474-1A3956D46DE8}") = "TEST", "TEST", "{0B5C4C55-A760-45DA-AE91-8A50ED3DE466}"
EndProject
Project("{2150E333-8FDC-42A3-9474-1A3956D46DE8}") = "Applications", "Applications", "{6DF222DF-3E80-45B1-82B9-2E8D5A11C002}"
EndProject
Project("{2150E333-8FDC-42A3-9474-1A3956D46DE8}") = "Domains", "Domains", "{BB7FC871-3364-4E8E-AA6F-E7496B3E67AE}"
EndProject
Project("{2150E333-8FDC-42A3-9474-1A3956D46DE8}") = "Infrastructure", "Infrastructure", "{370532D5-91CF-4EEE-9B92-01A4A27349E8}"
EndProject
Project("{2150E333-8FDC-42A3-9474-1A3956D46DE8}") = "WebAPI", "WebAPI", "{FC4941CE-3971-46EA-BB17-2D9686E143AB}"
EndProject
Project("{FAE04EC0-301F-11D3-BF4B-00C04F79EFBC}") = "Domains", "Domains\Domains.csproj", "{28B095CB-5C23-4292-9294-774A1F4DE4D5}"
EndProject
Project("{FAE04EC0-301F-11D3-BF4B-00C04F79EFBC}") = "Applications", "Applications\Applications.csproj", "{D3713B15-42CE-4AB2-8641-EFA2910FE992}"
EndProject
Project("{FAE04EC0-301F-11D3-BF4B-00C04F79EFBC}") = "Infrastructures", "Infrastructures\Infrastructures.csproj", "{05FF69CC-EBDC-4355-8354-CAFC93EDF405}"
EndProject
Project("{FAE04EC0-301F-11D3-BF4B-00C04F79EFBC}") = "WebAPI", "WebAPI\WebAPI.csproj", "{1BD19840-EF33-4569-AABA-412E1E664026}"
EndProject
Global
	GlobalSection(SolutionConfigurationPlatforms) = preSolution
		Debug|Any CPU = Debug|Any CPU
		Release|Any CPU = Release|Any CPU
	EndGlobalSection
	GlobalSection(ProjectConfigurationPlatforms) = postSolution
		{28B095CB-5C23-4292-9294-774A1F4DE4D5}.Debug|Any CPU.ActiveCfg = Debug|Any CPU
		{28B095CB-5C23-4292-9294-774A1F4DE4D5}.Debug|Any CPU.Build.0 = Debug|Any CPU
		{28B095CB-5C23-4292-9294-774A1F4DE4D5}.Release|Any CPU.ActiveCfg = Release|Any CPU
		{28B095CB-5C23-4292-9294-774A1F4DE4D5}.Release|Any CPU.Build.0 = Release|Any CPU
		{D3713B15-42CE-4AB2-8641-EFA2910FE992}.Debug|Any CPU.ActiveCfg = Debug|Any CPU
		{D3713B15-42CE-4AB2-8641-EFA2910FE992}.Debug|Any CPU.Build.0 = Debug|Any CPU
		{D3713B15-42CE-4AB2-8641-EFA2910FE992}.Release|Any CPU.ActiveCfg = Release|Any CPU
		{D3713B15-42CE-4AB2-8641-EFA2910FE992}.Release|Any CPU.Build.0 = Release|Any CPU
		{05FF69CC-EBDC-4355-8354-CAFC93EDF405}.Debug|Any CPU.ActiveCfg = Debug|Any CPU
		{05FF69CC-EBDC-4355-8354-CAFC93EDF405}.Debug|Any CPU.Build.0 = Debug|Any CPU
		{05FF69CC-EBDC-4355-8354-CAFC93EDF405}.Release|Any CPU.ActiveCfg = Release|Any CPU
		{05FF69CC-EBDC-4355-8354-CAFC93EDF405}.Release|Any CPU.Build.0 = Release|Any CPU
		{1BD19840-EF33-4569-AABA-412E1E664026}.Debug|Any CPU.ActiveCfg = Debug|Any CPU
		{1BD19840-EF33-4569-AABA-412E1E664026}.Debug|Any CPU.Build.0 = Debug|Any CPU
		{1BD19840-EF33-4569-AABA-412E1E664026}.Release|Any CPU.ActiveCfg = Release|Any CPU
		{1BD19840-EF33-4569-AABA-412E1E664026}.Release|Any CPU.Build.0 = Release|Any CPU
	EndGlobalSection
	GlobalSection(SolutionProperties) = preSolution
		HideSolutionNode = FALSE
	EndGlobalSection
	GlobalSection(NestedProjects) = preSolution
		{6DF222DF-3E80-45B1-82B9-2E8D5A11C002} = {83A63BA5-DBB4-4CD2-B0F0-894BC37629F8}
		{BB7FC871-3364-4E8E-AA6F-E7496B3E67AE} = {83A63BA5-DBB4-4CD2-B0F0-894BC37629F8}
		{370532D5-91CF-4EEE-9B92-01A4A27349E8} = {83A63BA5-DBB4-4CD2-B0F0-894BC37629F8}
		{FC4941CE-3971-46EA-BB17-2D9686E143AB} = {83A63BA5-DBB4-4CD2-B0F0-894BC37629F8}
		{28B095CB-5C23-4292-9294-774A1F4DE4D5} = {BB7FC871-3364-4E8E-AA6F-E7496B3E67AE}
		{D3713B15-42CE-4AB2-8641-EFA2910FE992} = {6DF222DF-3E80-45B1-82B9-2E8D5A11C002}
		{05FF69CC-EBDC-4355-8354-CAFC93EDF405} = {370532D5-91CF-4EEE-9B92-01A4A27349E8}
		{1BD19840-EF33-4569-AABA-412E1E664026} = {FC4941CE-3971-46EA-BB17-2D9686E143AB}
	EndGlobalSection
	GlobalSection(ExtensibilityGlobals) = postSolution
		SolutionGuid = {B94615F8-3116-43CC-85C1-9CF7EB133E62}
	EndGlobalSection
EndGlobal
